
Microsoft Visual Studio Solution File, Format Version 12.00
# Visual Studio Version 16
VisualStudioVersion = 16.0.30225.117
MinimumVisualStudioVersion = 10.0.40219.1
Project("{FAE04EC0-301F-11D3-BF4B-00C04F79EFBC}") = "FLEX-0S9-Net", "FLEX-0S9-Net.csproj", "{DE0F9A72-C361-4CC9-B334-F37CB7C33731}"
EndProject
Global
	GlobalSection(SolutionConfigurationPlatforms) = preSolution
		Debug|Any CPU = Debug|Any CPU
		Release|Any CPU = Release|Any CPU
	EndGlobalSection
	GlobalSection(ProjectConfigurationPlatforms) = postSolution
		{DE0F9A72-C361-4CC9-B334-F37CB7C33731}.Debug|Any CPU.ActiveCfg = Debug|Any CPU
		{DE0F9A72-C361-4CC9-B334-F37CB7C33731}.Debug|Any CPU.Build.0 = Debug|Any CPU
		{DE0F9A72-C361-4CC9-B334-F37CB7C33731}.Release|Any CPU.ActiveCfg = Release|Any CPU
		{DE0F9A72-C361-4CC9-B334-F37CB7C33731}.Release|Any CPU.Build.0 = Release|Any CPU
	EndGlobalSection
	GlobalSection(SolutionProperties) = preSolution
		HideSolutionNode = FALSE
	EndGlobalSection
	GlobalSection(ExtensibilityGlobals) = postSolution
		SolutionGuid = {8E2B011E-22C6-4556-84FD-3C1609C46171}
	EndGlobalSection
	GlobalSection(TeamFoundationVersionControl) = preSolution
		SccNumberOfProjects = 1
		SccEnterpriseProvider = {4CA58AB2-18FA-4F8D-95D4-32DDF27D184C}
		SccTeamFoundationServer = http://354341-lmdbserv:8080/tfs/ecs
		SccProjectUniqueName0 = FLEX-0S9-Net.csproj
		SccProjectName0 = .
		SccAuxPath0 = http://354341-lmdbserv:8080/tfs/ecs
		SccLocalPath0 = .
		SccProvider0 = {4CA58AB2-18FA-4F8D-95D4-32DDF27D184C}
	EndGlobalSection
EndGlobal
